
Microsoft Visual Studio Solution File, Format Version 12.00
# Visual Studio Version 17
VisualStudioVersion = 17.4.33205.214
MinimumVisualStudioVersion = 10.0.40219.1
Project("{9A19103F-16F7-4668-BE54-9A1E7A4F7556}") = "MenuStructure", "MistsOfTheGalaxyMenu\MenuStructure.csproj", "{CD39D715-B38D-4B57-A267-0C353D619276}"
EndProject
Project("{9A19103F-16F7-4668-BE54-9A1E7A4F7556}") = "MenuUnitTests", "MenuUnitTests\MenuUnitTests.csproj", "{559BC1DE-C7FF-46B4-BB84-852BA7506465}"
	ProjectSection(ProjectDependencies) = postProject
		{CD39D715-B38D-4B57-A267-0C353D619276} = {CD39D715-B38D-4B57-A267-0C353D619276}
	EndProjectSection
EndProject
Project("{9A19103F-16F7-4668-BE54-9A1E7A4F7556}") = "GameStructure", "GameStructure\GameStructure.csproj", "{0DDFE62E-23F1-4CCB-9DC1-320FAEAA82BE}"
EndProject
Project("{9A19103F-16F7-4668-BE54-9A1E7A4F7556}") = "DataBaseSource", "DataBaseSource\DataBaseSource.csproj", "{CE430F56-F5DF-4895-8B0E-03B60D89737F}"
EndProject
Project("{9A19103F-16F7-4668-BE54-9A1E7A4F7556}") = "StartUp", "StartUp\StartUp.csproj", "{BB5A060F-2C3F-4F70-B38A-3F85798CEE03}"
EndProject
Project("{FAE04EC0-301F-11D3-BF4B-00C04F79EFBC}") = "Tetris", "Tetris\Tetris.csproj", "{99BDD09F-F5EC-4F71-BAAC-6CE9BF2EAEC9}"
EndProject
Global
	GlobalSection(SolutionConfigurationPlatforms) = preSolution
		Debug|Any CPU = Debug|Any CPU
		Release|Any CPU = Release|Any CPU
	EndGlobalSection
	GlobalSection(ProjectConfigurationPlatforms) = postSolution
		{CD39D715-B38D-4B57-A267-0C353D619276}.Debug|Any CPU.ActiveCfg = Debug|Any CPU
		{CD39D715-B38D-4B57-A267-0C353D619276}.Debug|Any CPU.Build.0 = Debug|Any CPU
		{CD39D715-B38D-4B57-A267-0C353D619276}.Release|Any CPU.ActiveCfg = Release|Any CPU
		{CD39D715-B38D-4B57-A267-0C353D619276}.Release|Any CPU.Build.0 = Release|Any CPU
		{559BC1DE-C7FF-46B4-BB84-852BA7506465}.Debug|Any CPU.ActiveCfg = Debug|Any CPU
		{559BC1DE-C7FF-46B4-BB84-852BA7506465}.Debug|Any CPU.Build.0 = Debug|Any CPU
		{559BC1DE-C7FF-46B4-BB84-852BA7506465}.Release|Any CPU.ActiveCfg = Release|Any CPU
		{559BC1DE-C7FF-46B4-BB84-852BA7506465}.Release|Any CPU.Build.0 = Release|Any CPU
		{0DDFE62E-23F1-4CCB-9DC1-320FAEAA82BE}.Debug|Any CPU.ActiveCfg = Debug|Any CPU
		{0DDFE62E-23F1-4CCB-9DC1-320FAEAA82BE}.Debug|Any CPU.Build.0 = Debug|Any CPU
		{0DDFE62E-23F1-4CCB-9DC1-320FAEAA82BE}.Release|Any CPU.ActiveCfg = Release|Any CPU
		{0DDFE62E-23F1-4CCB-9DC1-320FAEAA82BE}.Release|Any CPU.Build.0 = Release|Any CPU
		{CE430F56-F5DF-4895-8B0E-03B60D89737F}.Debug|Any CPU.ActiveCfg = Debug|Any CPU
		{CE430F56-F5DF-4895-8B0E-03B60D89737F}.Debug|Any CPU.Build.0 = Debug|Any CPU
		{CE430F56-F5DF-4895-8B0E-03B60D89737F}.Release|Any CPU.ActiveCfg = Release|Any CPU
		{CE430F56-F5DF-4895-8B0E-03B60D89737F}.Release|Any CPU.Build.0 = Release|Any CPU
		{BB5A060F-2C3F-4F70-B38A-3F85798CEE03}.Debug|Any CPU.ActiveCfg = Debug|Any CPU
		{BB5A060F-2C3F-4F70-B38A-3F85798CEE03}.Debug|Any CPU.Build.0 = Debug|Any CPU
		{BB5A060F-2C3F-4F70-B38A-3F85798CEE03}.Release|Any CPU.ActiveCfg = Release|Any CPU
		{BB5A060F-2C3F-4F70-B38A-3F85798CEE03}.Release|Any CPU.Build.0 = Release|Any CPU
		{99BDD09F-F5EC-4F71-BAAC-6CE9BF2EAEC9}.Debug|Any CPU.ActiveCfg = Debug|Any CPU
		{99BDD09F-F5EC-4F71-BAAC-6CE9BF2EAEC9}.Debug|Any CPU.Build.0 = Debug|Any CPU
		{99BDD09F-F5EC-4F71-BAAC-6CE9BF2EAEC9}.Release|Any CPU.ActiveCfg = Release|Any CPU
		{99BDD09F-F5EC-4F71-BAAC-6CE9BF2EAEC9}.Release|Any CPU.Build.0 = Release|Any CPU
	EndGlobalSection
	GlobalSection(SolutionProperties) = preSolution
		HideSolutionNode = FALSE
	EndGlobalSection
	GlobalSection(ExtensibilityGlobals) = postSolution
		SolutionGuid = {352AD594-E7E0-4532-BD27-BA043B1043E2}
	EndGlobalSection
EndGlobal
